
Microsoft Visual Studio Solution File, Format Version 12.00
# Visual Studio Version 17
VisualStudioVersion = 17.5.33502.453
MinimumVisualStudioVersion = 10.0.40219.1
Project("{2150E333-8FDC-42A3-9474-1A3956D46DE8}") = "Solution Items", "Solution Items", "{77DEF050-AB99-4F5F-9FAB-27C996391F31}"
	ProjectSection(SolutionItems) = preProject
		.editorconfig = .editorconfig
		Directory.Build.props = Directory.Build.props
		src\Directory.Build.props = src\Directory.Build.props
		Directory.Packages.props = Directory.Packages.props
	EndProjectSection
EndProject
Project("{9A19103F-16F7-4668-BE54-9A1E7A4F7556}") = "SharpAttributeParser", "src\SharpAttributeParser\SharpAttributeParser.csproj", "{DADA6720-95A7-44B6-A8ED-2540D245C9AC}"
EndProject
Project("{9A19103F-16F7-4668-BE54-9A1E7A4F7556}") = "SharpAttributeParser.UnitTests", "tests\unit\SharpAttributeParser.UnitTests\SharpAttributeParser.UnitTests.csproj", "{8AE9BA8C-AFA9-4D41-9EE0-D4CF67A5D531}"
EndProject
Project("{9A19103F-16F7-4668-BE54-9A1E7A4F7556}") = "SharpAttributeParser.Logging", "src\SharpAttributeParser.Logging\SharpAttributeParser.Logging.csproj", "{7D33E94B-8C76-4918-B053-A37FC1DC0CFC}"
EndProject
Project("{9A19103F-16F7-4668-BE54-9A1E7A4F7556}") = "SharpAttributeParser.DependencyInjection", "src\SharpAttributeParser.DependencyInjection\SharpAttributeParser.DependencyInjection.csproj", "{EB2354D3-81ED-4161-91A0-B1A0BF264E7F}"
EndProject
Project("{9A19103F-16F7-4668-BE54-9A1E7A4F7556}") = "SharpAttributeParser.Logging.DependencyInjection", "src\SharpAttributeParser.Logging.DependencyInjection\SharpAttributeParser.Logging.DependencyInjection.csproj", "{52144F9F-2C17-49A5-A2EC-A3B42F728499}"
EndProject
Project("{9A19103F-16F7-4668-BE54-9A1E7A4F7556}") = "SharpAttributeParser.Core", "src\SharpAttributeParser.Core\SharpAttributeParser.Core.csproj", "{08FF03A3-71BE-4C46-AFE0-99C9C381A9C3}"
EndProject
Project("{9A19103F-16F7-4668-BE54-9A1E7A4F7556}") = "SharpAttributeParser.Logging.Core", "src\SharpAttributeParser.Logging.Core\SharpAttributeParser.Logging.Core.csproj", "{372E8522-438B-401A-8BE4-F47FAFDCA64C}"
EndProject
Global
	GlobalSection(SolutionConfigurationPlatforms) = preSolution
		Debug|Any CPU = Debug|Any CPU
		Release|Any CPU = Release|Any CPU
	EndGlobalSection
	GlobalSection(ProjectConfigurationPlatforms) = postSolution
		{DADA6720-95A7-44B6-A8ED-2540D245C9AC}.Debug|Any CPU.ActiveCfg = Debug|Any CPU
		{DADA6720-95A7-44B6-A8ED-2540D245C9AC}.Debug|Any CPU.Build.0 = Debug|Any CPU
		{DADA6720-95A7-44B6-A8ED-2540D245C9AC}.Release|Any CPU.ActiveCfg = Release|Any CPU
		{DADA6720-95A7-44B6-A8ED-2540D245C9AC}.Release|Any CPU.Build.0 = Release|Any CPU
		{8AE9BA8C-AFA9-4D41-9EE0-D4CF67A5D531}.Debug|Any CPU.ActiveCfg = Debug|Any CPU
		{8AE9BA8C-AFA9-4D41-9EE0-D4CF67A5D531}.Debug|Any CPU.Build.0 = Debug|Any CPU
		{8AE9BA8C-AFA9-4D41-9EE0-D4CF67A5D531}.Release|Any CPU.ActiveCfg = Release|Any CPU
		{8AE9BA8C-AFA9-4D41-9EE0-D4CF67A5D531}.Release|Any CPU.Build.0 = Release|Any CPU
		{7D33E94B-8C76-4918-B053-A37FC1DC0CFC}.Debug|Any CPU.ActiveCfg = Debug|Any CPU
		{7D33E94B-8C76-4918-B053-A37FC1DC0CFC}.Debug|Any CPU.Build.0 = Debug|Any CPU
		{7D33E94B-8C76-4918-B053-A37FC1DC0CFC}.Release|Any CPU.ActiveCfg = Release|Any CPU
		{7D33E94B-8C76-4918-B053-A37FC1DC0CFC}.Release|Any CPU.Build.0 = Release|Any CPU
		{EB2354D3-81ED-4161-91A0-B1A0BF264E7F}.Debug|Any CPU.ActiveCfg = Debug|Any CPU
		{EB2354D3-81ED-4161-91A0-B1A0BF264E7F}.Debug|Any CPU.Build.0 = Debug|Any CPU
		{EB2354D3-81ED-4161-91A0-B1A0BF264E7F}.Release|Any CPU.ActiveCfg = Release|Any CPU
		{EB2354D3-81ED-4161-91A0-B1A0BF264E7F}.Release|Any CPU.Build.0 = Release|Any CPU
		{52144F9F-2C17-49A5-A2EC-A3B42F728499}.Debug|Any CPU.ActiveCfg = Debug|Any CPU
		{52144F9F-2C17-49A5-A2EC-A3B42F728499}.Debug|Any CPU.Build.0 = Debug|Any CPU
		{52144F9F-2C17-49A5-A2EC-A3B42F728499}.Release|Any CPU.ActiveCfg = Release|Any CPU
		{52144F9F-2C17-49A5-A2EC-A3B42F728499}.Release|Any CPU.Build.0 = Release|Any CPU
		{08FF03A3-71BE-4C46-AFE0-99C9C381A9C3}.Debug|Any CPU.ActiveCfg = Debug|Any CPU
		{08FF03A3-71BE-4C46-AFE0-99C9C381A9C3}.Debug|Any CPU.Build.0 = Debug|Any CPU
		{08FF03A3-71BE-4C46-AFE0-99C9C381A9C3}.Release|Any CPU.ActiveCfg = Release|Any CPU
		{08FF03A3-71BE-4C46-AFE0-99C9C381A9C3}.Release|Any CPU.Build.0 = Release|Any CPU
		{372E8522-438B-401A-8BE4-F47FAFDCA64C}.Debug|Any CPU.ActiveCfg = Debug|Any CPU
		{372E8522-438B-401A-8BE4-F47FAFDCA64C}.Debug|Any CPU.Build.0 = Debug|Any CPU
		{372E8522-438B-401A-8BE4-F47FAFDCA64C}.Release|Any CPU.ActiveCfg = Release|Any CPU
		{372E8522-438B-401A-8BE4-F47FAFDCA64C}.Release|Any CPU.Build.0 = Release|Any CPU
	EndGlobalSection
	GlobalSection(SolutionProperties) = preSolution
		HideSolutionNode = FALSE
	EndGlobalSection
	GlobalSection(ExtensibilityGlobals) = postSolution
		SolutionGuid = {CD4B288A-8D41-4241-9127-0390C68B0052}
	EndGlobalSection
EndGlobal
